
Microsoft Visual Studio Solution File, Format Version 12.00
# Visual Studio 14
VisualStudioVersion = 14.0.23107.0
MinimumVisualStudioVersion = 10.0.40219.1
Project("{FAE04EC0-301F-11D3-BF4B-00C04F79EFBC}") = "TA.DAL", "TA.DAL\TA.DAL.csproj", "{0B817C04-B9C2-4883-BBE1-9724D67C11B6}"
EndProject
Project("{FAE04EC0-301F-11D3-BF4B-00C04F79EFBC}") = "TA.WebApi", "TA.WebApi\TA.WebApi.csproj", "{8FE33048-3B9E-451F-8676-73051F0ECC77}"
EndProject
Project("{FAE04EC0-301F-11D3-BF4B-00C04F79EFBC}") = "TA.BLL", "TA.BLL\TA.BLL.csproj", "{1B698ADE-4C7B-4E49-9C9B-092BD10895ED}"
EndProject
Project("{FAE04EC0-301F-11D3-BF4B-00C04F79EFBC}") = "TA.MVC", "TA.MVC\TA.MVC.csproj", "{B917FFF0-0371-44AB-8817-B007EE86476D}"
EndProject
Global
	GlobalSection(SolutionConfigurationPlatforms) = preSolution
		Debug|Any CPU = Debug|Any CPU
		Release|Any CPU = Release|Any CPU
	EndGlobalSection
	GlobalSection(ProjectConfigurationPlatforms) = postSolution
		{0B817C04-B9C2-4883-BBE1-9724D67C11B6}.Debug|Any CPU.ActiveCfg = Debug|Any CPU
		{0B817C04-B9C2-4883-BBE1-9724D67C11B6}.Debug|Any CPU.Build.0 = Debug|Any CPU
		{0B817C04-B9C2-4883-BBE1-9724D67C11B6}.Release|Any CPU.ActiveCfg = Release|Any CPU
		{0B817C04-B9C2-4883-BBE1-9724D67C11B6}.Release|Any CPU.Build.0 = Release|Any CPU
		{8FE33048-3B9E-451F-8676-73051F0ECC77}.Debug|Any CPU.ActiveCfg = Debug|Any CPU
		{8FE33048-3B9E-451F-8676-73051F0ECC77}.Debug|Any CPU.Build.0 = Debug|Any CPU
		{8FE33048-3B9E-451F-8676-73051F0ECC77}.Release|Any CPU.ActiveCfg = Release|Any CPU
		{8FE33048-3B9E-451F-8676-73051F0ECC77}.Release|Any CPU.Build.0 = Release|Any CPU
		{1B698ADE-4C7B-4E49-9C9B-092BD10895ED}.Debug|Any CPU.ActiveCfg = Debug|Any CPU
		{1B698ADE-4C7B-4E49-9C9B-092BD10895ED}.Debug|Any CPU.Build.0 = Debug|Any CPU
		{1B698ADE-4C7B-4E49-9C9B-092BD10895ED}.Release|Any CPU.ActiveCfg = Release|Any CPU
		{1B698ADE-4C7B-4E49-9C9B-092BD10895ED}.Release|Any CPU.Build.0 = Release|Any CPU
		{B917FFF0-0371-44AB-8817-B007EE86476D}.Debug|Any CPU.ActiveCfg = Debug|Any CPU
		{B917FFF0-0371-44AB-8817-B007EE86476D}.Debug|Any CPU.Build.0 = Debug|Any CPU
		{B917FFF0-0371-44AB-8817-B007EE86476D}.Release|Any CPU.ActiveCfg = Release|Any CPU
		{B917FFF0-0371-44AB-8817-B007EE86476D}.Release|Any CPU.Build.0 = Release|Any CPU
	EndGlobalSection
	GlobalSection(SolutionProperties) = preSolution
		HideSolutionNode = FALSE
	EndGlobalSection
EndGlobal
